{
  "name": "templated-npm-example-usage",
  "version": "1.0.0",
  "lockfileVersion": 1,
  "requires": true,
  "dependencies": {
    "templated-npm": {
      "version": "1.0.0",
      "resolved": "https://registry.npmjs.org/templated-npm/-/templated-npm-1.0.0.tgz",
      "integrity": "sha512-UTtxWR89EYxxtO7kslDSdefkhzkrdQx5ZOQilDVoQAHyOAz78/BhOP+s5uWVrwj+81pMgqwwzrsZWUjaNoYtyg==",
      "dev": true
    }
  }
}
